
Microsoft Visual Studio Solution File, Format Version 12.00
# Visual Studio 15
VisualStudioVersion = 15.0.28307.960
MinimumVisualStudioVersion = 10.0.40219.1
Project("{F184B08F-C81C-45F6-A57F-5ABD9991F28F}") = "wpfUIDesing01", "wpfUIDesing01\wpfUIDesing01.vbproj", "{CDD9843C-B6B6-4D6B-AB1D-8FBDB67BDDBF}"
EndProject
Project("{FAE04EC0-301F-11D3-BF4B-00C04F79EFBC}") = "CS_wpfUIDesign01", "CS_wpfUIDesign01\CS_wpfUIDesign01.csproj", "{168E4611-FD48-4EBB-BFBE-D6B1E7F1E162}"
EndProject
Project("{FAE04EC0-301F-11D3-BF4B-00C04F79EFBC}") = "WpfListBoxMVVC", "WpfListBoxMVVC\WpfListBoxMVVC.csproj", "{A5602993-FF76-4486-A70F-230BCA0E6681}"
EndProject
Project("{FAE04EC0-301F-11D3-BF4B-00C04F79EFBC}") = "MeaterialDesignInXAML", "MeaterialDesignInXAML\MeaterialDesignInXAML.csproj", "{AF8F6752-4C67-4585-8C59-9C7C25674C45}"
EndProject
Project("{2150E333-8FDC-42A3-9474-1A3956D46DE8}") = "Threading", "Threading", "{6E8F483B-AD87-4383-AD31-30C7A60E6513}"
EndProject
Project("{FAE04EC0-301F-11D3-BF4B-00C04F79EFBC}") = "Async_Await_01", "Async_Await_01\Async_Await_01.csproj", "{398B52E5-6160-4D8B-8DFA-E75775C12914}"
EndProject
Project("{2150E333-8FDC-42A3-9474-1A3956D46DE8}") = "BatDongBo_Async", "BatDongBo_Async", "{2B7991D4-3B6A-4E57-B387-AE3BE665025F}"
EndProject
Project("{FAE04EC0-301F-11D3-BF4B-00C04F79EFBC}") = "Async_TinhNham", "Async_TinhNham\Async_TinhNham.csproj", "{65FE13B8-0EB6-4A93-900E-7D026660E1D0}"
EndProject
Project("{2150E333-8FDC-42A3-9474-1A3956D46DE8}") = "Event_Handler", "Event_Handler", "{4E1FA45B-BAC3-4AF7-AC8D-EF75F85E71DD}"
EndProject
Project("{FAE04EC0-301F-11D3-BF4B-00C04F79EFBC}") = "Event_DinhTuyen_01", "Event_DinhTuyen_01\Event_DinhTuyen_01.csproj", "{093AA04A-03A1-4B4A-94F7-49478BEEA7EF}"
EndProject
Project("{2150E333-8FDC-42A3-9474-1A3956D46DE8}") = "MemoryLeak", "MemoryLeak", "{822654BA-27C6-4668-9294-7B042048F8EE}"
EndProject
Project("{FAE04EC0-301F-11D3-BF4B-00C04F79EFBC}") = "Stack_Overflow01", "Stack_Overflow01\Stack_Overflow01.csproj", "{B0E4A318-097F-4ECB-A7D6-29D7DFAB548D}"
EndProject
Project("{2150E333-8FDC-42A3-9474-1A3956D46DE8}") = "Image", "Image", "{544B8B39-3E58-47D7-A2A9-6B2113772388}"
EndProject
Project("{FAE04EC0-301F-11D3-BF4B-00C04F79EFBC}") = "wpfBitmapToImageSource_01", "wpfBitmapToImageSource_01\wpfBitmapToImageSource_01.csproj", "{59BEEB98-DB5B-4014-B453-36063BBFF73C}"
EndProject
Project("{FAE04EC0-301F-11D3-BF4B-00C04F79EFBC}") = "GC_Collect_01", "GC_Collect_01\GC_Collect_01.csproj", "{4A9FA7F7-446E-491A-B8B3-65DBE514F51B}"
EndProject
Project("{2150E333-8FDC-42A3-9474-1A3956D46DE8}") = "Control", "Control", "{842EB42D-26A1-4E60-A22F-1BA678493223}"
EndProject
Project("{2150E333-8FDC-42A3-9474-1A3956D46DE8}") = "Control_NangCao", "Control_NangCao", "{94BECCD7-36F2-4D9E-9B4E-165E1F3F6619}"
EndProject
Project("{FAE04EC0-301F-11D3-BF4B-00C04F79EFBC}") = "ct_ScrollViewer_ScrollChanged", "ct_ScrollViewer_ScrollChanged\ct_ScrollViewer_ScrollChanged.csproj", "{A5220980-A158-46E7-96AC-5CA376497F24}"
EndProject
Project("{FAE04EC0-301F-11D3-BF4B-00C04F79EFBC}") = "ct_TextBlock_LayoutTransform", "ct_TextBlock_LayoutTransform\ct_TextBlock_LayoutTransform.csproj", "{E16D11F8-C27E-42FB-9AEF-47D1D6202C35}"
EndProject
Project("{2150E333-8FDC-42A3-9474-1A3956D46DE8}") = "LayoutControl", "LayoutControl", "{BA49EDCC-87EC-4827-BCDD-C718A1C37E4D}"
EndProject
Project("{FAE04EC0-301F-11D3-BF4B-00C04F79EFBC}") = "lct_Grid_ChongLanControl", "lct_Grid_ChongLanControl\lct_Grid_ChongLanControl.csproj", "{406E4C9F-AD82-400F-BA99-CB306B235F33}"
EndProject
Project("{2150E333-8FDC-42A3-9474-1A3956D46DE8}") = "Database_SQLite", "Database_SQLite", "{CA05A05B-B44C-452D-89C5-D0EC19125EBC}"
EndProject
Project("{FAE04EC0-301F-11D3-BF4B-00C04F79EFBC}") = "Data_SqliteEntity", "Data_SqliteEntity\Data_SqliteEntity.csproj", "{C6103FE1-093D-48EE-A5FE-166506009D27}"
EndProject
Project("{2150E333-8FDC-42A3-9474-1A3956D46DE8}") = "Binding", "Binding", "{3B8179D3-A4AC-4686-8312-38C0E14CA784}"
EndProject
Project("{FAE04EC0-301F-11D3-BF4B-00C04F79EFBC}") = "ValueConverter", "ValueConverter\ValueConverter.csproj", "{CDE1203C-6AD6-4EAB-9DA3-3A135020E392}"
EndProject
Project("{FAE04EC0-301F-11D3-BF4B-00C04F79EFBC}") = "UpdateSourceTrigger", "UpdateSourceTrigger\UpdateSourceTrigger.csproj", "{E02C0C3F-EEFA-43C3-925B-613BF3B8616D}"
EndProject
Project("{FAE04EC0-301F-11D3-BF4B-00C04F79EFBC}") = "Event_Command", "Event_Command\Event_Command.csproj", "{6D3D0483-5206-4BC6-AF79-240030FD91BC}"
EndProject
Project("{2150E333-8FDC-42A3-9474-1A3956D46DE8}") = "API", "API", "{AD1268AB-3BAD-46B2-94FE-F609E0BDD44C}"
EndProject
Project("{FAE04EC0-301F-11D3-BF4B-00C04F79EFBC}") = "API_DllImport", "API_DllImport\API_DllImport.csproj", "{9E58C3CD-4D45-4991-866C-978C0E5EC207}"
EndProject
Project("{2150E333-8FDC-42A3-9474-1A3956D46DE8}") = "CustomExtensions", "CustomExtensions", "{7FDEDAA1-EF6F-4852-B4BA-97BF9FCA937B}"
EndProject
Project("{FAE04EC0-301F-11D3-BF4B-00C04F79EFBC}") = "StringExtensions", "StringExtensions\StringExtensions.csproj", "{20636EE9-17E7-42E3-8835-564F972F96DD}"
EndProject
Global
	GlobalSection(SolutionConfigurationPlatforms) = preSolution
		Debug|Any CPU = Debug|Any CPU
		Release|Any CPU = Release|Any CPU
	EndGlobalSection
	GlobalSection(ProjectConfigurationPlatforms) = postSolution
		{CDD9843C-B6B6-4D6B-AB1D-8FBDB67BDDBF}.Debug|Any CPU.ActiveCfg = Debug|Any CPU
		{CDD9843C-B6B6-4D6B-AB1D-8FBDB67BDDBF}.Debug|Any CPU.Build.0 = Debug|Any CPU
		{CDD9843C-B6B6-4D6B-AB1D-8FBDB67BDDBF}.Release|Any CPU.ActiveCfg = Release|Any CPU
		{CDD9843C-B6B6-4D6B-AB1D-8FBDB67BDDBF}.Release|Any CPU.Build.0 = Release|Any CPU
		{168E4611-FD48-4EBB-BFBE-D6B1E7F1E162}.Debug|Any CPU.ActiveCfg = Debug|Any CPU
		{168E4611-FD48-4EBB-BFBE-D6B1E7F1E162}.Debug|Any CPU.Build.0 = Debug|Any CPU
		{168E4611-FD48-4EBB-BFBE-D6B1E7F1E162}.Release|Any CPU.ActiveCfg = Release|Any CPU
		{168E4611-FD48-4EBB-BFBE-D6B1E7F1E162}.Release|Any CPU.Build.0 = Release|Any CPU
		{A5602993-FF76-4486-A70F-230BCA0E6681}.Debug|Any CPU.ActiveCfg = Debug|Any CPU
		{A5602993-FF76-4486-A70F-230BCA0E6681}.Debug|Any CPU.Build.0 = Debug|Any CPU
		{A5602993-FF76-4486-A70F-230BCA0E6681}.Release|Any CPU.ActiveCfg = Release|Any CPU
		{A5602993-FF76-4486-A70F-230BCA0E6681}.Release|Any CPU.Build.0 = Release|Any CPU
		{AF8F6752-4C67-4585-8C59-9C7C25674C45}.Debug|Any CPU.ActiveCfg = Debug|Any CPU
		{AF8F6752-4C67-4585-8C59-9C7C25674C45}.Debug|Any CPU.Build.0 = Debug|Any CPU
		{AF8F6752-4C67-4585-8C59-9C7C25674C45}.Release|Any CPU.ActiveCfg = Release|Any CPU
		{AF8F6752-4C67-4585-8C59-9C7C25674C45}.Release|Any CPU.Build.0 = Release|Any CPU
		{398B52E5-6160-4D8B-8DFA-E75775C12914}.Debug|Any CPU.ActiveCfg = Debug|Any CPU
		{398B52E5-6160-4D8B-8DFA-E75775C12914}.Debug|Any CPU.Build.0 = Debug|Any CPU
		{398B52E5-6160-4D8B-8DFA-E75775C12914}.Release|Any CPU.ActiveCfg = Release|Any CPU
		{398B52E5-6160-4D8B-8DFA-E75775C12914}.Release|Any CPU.Build.0 = Release|Any CPU
		{65FE13B8-0EB6-4A93-900E-7D026660E1D0}.Debug|Any CPU.ActiveCfg = Debug|Any CPU
		{65FE13B8-0EB6-4A93-900E-7D026660E1D0}.Debug|Any CPU.Build.0 = Debug|Any CPU
		{65FE13B8-0EB6-4A93-900E-7D026660E1D0}.Release|Any CPU.ActiveCfg = Release|Any CPU
		{65FE13B8-0EB6-4A93-900E-7D026660E1D0}.Release|Any CPU.Build.0 = Release|Any CPU
		{093AA04A-03A1-4B4A-94F7-49478BEEA7EF}.Debug|Any CPU.ActiveCfg = Debug|Any CPU
		{093AA04A-03A1-4B4A-94F7-49478BEEA7EF}.Debug|Any CPU.Build.0 = Debug|Any CPU
		{093AA04A-03A1-4B4A-94F7-49478BEEA7EF}.Release|Any CPU.ActiveCfg = Release|Any CPU
		{093AA04A-03A1-4B4A-94F7-49478BEEA7EF}.Release|Any CPU.Build.0 = Release|Any CPU
		{B0E4A318-097F-4ECB-A7D6-29D7DFAB548D}.Debug|Any CPU.ActiveCfg = Debug|Any CPU
		{B0E4A318-097F-4ECB-A7D6-29D7DFAB548D}.Debug|Any CPU.Build.0 = Debug|Any CPU
		{B0E4A318-097F-4ECB-A7D6-29D7DFAB548D}.Release|Any CPU.ActiveCfg = Release|Any CPU
		{B0E4A318-097F-4ECB-A7D6-29D7DFAB548D}.Release|Any CPU.Build.0 = Release|Any CPU
		{59BEEB98-DB5B-4014-B453-36063BBFF73C}.Debug|Any CPU.ActiveCfg = Debug|Any CPU
		{59BEEB98-DB5B-4014-B453-36063BBFF73C}.Debug|Any CPU.Build.0 = Debug|Any CPU
		{59BEEB98-DB5B-4014-B453-36063BBFF73C}.Release|Any CPU.ActiveCfg = Release|Any CPU
		{59BEEB98-DB5B-4014-B453-36063BBFF73C}.Release|Any CPU.Build.0 = Release|Any CPU
		{4A9FA7F7-446E-491A-B8B3-65DBE514F51B}.Debug|Any CPU.ActiveCfg = Debug|Any CPU
		{4A9FA7F7-446E-491A-B8B3-65DBE514F51B}.Debug|Any CPU.Build.0 = Debug|Any CPU
		{4A9FA7F7-446E-491A-B8B3-65DBE514F51B}.Release|Any CPU.ActiveCfg = Release|Any CPU
		{4A9FA7F7-446E-491A-B8B3-65DBE514F51B}.Release|Any CPU.Build.0 = Release|Any CPU
		{A5220980-A158-46E7-96AC-5CA376497F24}.Debug|Any CPU.ActiveCfg = Debug|Any CPU
		{A5220980-A158-46E7-96AC-5CA376497F24}.Debug|Any CPU.Build.0 = Debug|Any CPU
		{A5220980-A158-46E7-96AC-5CA376497F24}.Release|Any CPU.ActiveCfg = Release|Any CPU
		{A5220980-A158-46E7-96AC-5CA376497F24}.Release|Any CPU.Build.0 = Release|Any CPU
		{E16D11F8-C27E-42FB-9AEF-47D1D6202C35}.Debug|Any CPU.ActiveCfg = Debug|Any CPU
		{E16D11F8-C27E-42FB-9AEF-47D1D6202C35}.Debug|Any CPU.Build.0 = Debug|Any CPU
		{E16D11F8-C27E-42FB-9AEF-47D1D6202C35}.Release|Any CPU.ActiveCfg = Release|Any CPU
		{E16D11F8-C27E-42FB-9AEF-47D1D6202C35}.Release|Any CPU.Build.0 = Release|Any CPU
		{406E4C9F-AD82-400F-BA99-CB306B235F33}.Debug|Any CPU.ActiveCfg = Debug|Any CPU
		{406E4C9F-AD82-400F-BA99-CB306B235F33}.Debug|Any CPU.Build.0 = Debug|Any CPU
		{406E4C9F-AD82-400F-BA99-CB306B235F33}.Release|Any CPU.ActiveCfg = Release|Any CPU
		{406E4C9F-AD82-400F-BA99-CB306B235F33}.Release|Any CPU.Build.0 = Release|Any CPU
		{C6103FE1-093D-48EE-A5FE-166506009D27}.Debug|Any CPU.ActiveCfg = Debug|Any CPU
		{C6103FE1-093D-48EE-A5FE-166506009D27}.Debug|Any CPU.Build.0 = Debug|Any CPU
		{C6103FE1-093D-48EE-A5FE-166506009D27}.Release|Any CPU.ActiveCfg = Release|Any CPU
		{C6103FE1-093D-48EE-A5FE-166506009D27}.Release|Any CPU.Build.0 = Release|Any CPU
		{CDE1203C-6AD6-4EAB-9DA3-3A135020E392}.Debug|Any CPU.ActiveCfg = Debug|Any CPU
		{CDE1203C-6AD6-4EAB-9DA3-3A135020E392}.Debug|Any CPU.Build.0 = Debug|Any CPU
		{CDE1203C-6AD6-4EAB-9DA3-3A135020E392}.Release|Any CPU.ActiveCfg = Release|Any CPU
		{CDE1203C-6AD6-4EAB-9DA3-3A135020E392}.Release|Any CPU.Build.0 = Release|Any CPU
		{E02C0C3F-EEFA-43C3-925B-613BF3B8616D}.Debug|Any CPU.ActiveCfg = Debug|Any CPU
		{E02C0C3F-EEFA-43C3-925B-613BF3B8616D}.Debug|Any CPU.Build.0 = Debug|Any CPU
		{E02C0C3F-EEFA-43C3-925B-613BF3B8616D}.Release|Any CPU.ActiveCfg = Release|Any CPU
		{E02C0C3F-EEFA-43C3-925B-613BF3B8616D}.Release|Any CPU.Build.0 = Release|Any CPU
		{6D3D0483-5206-4BC6-AF79-240030FD91BC}.Debug|Any CPU.ActiveCfg = Debug|Any CPU
		{6D3D0483-5206-4BC6-AF79-240030FD91BC}.Debug|Any CPU.Build.0 = Debug|Any CPU
		{6D3D0483-5206-4BC6-AF79-240030FD91BC}.Release|Any CPU.ActiveCfg = Release|Any CPU
		{6D3D0483-5206-4BC6-AF79-240030FD91BC}.Release|Any CPU.Build.0 = Release|Any CPU
		{9E58C3CD-4D45-4991-866C-978C0E5EC207}.Debug|Any CPU.ActiveCfg = Debug|Any CPU
		{9E58C3CD-4D45-4991-866C-978C0E5EC207}.Debug|Any CPU.Build.0 = Debug|Any CPU
		{9E58C3CD-4D45-4991-866C-978C0E5EC207}.Release|Any CPU.ActiveCfg = Release|Any CPU
		{9E58C3CD-4D45-4991-866C-978C0E5EC207}.Release|Any CPU.Build.0 = Release|Any CPU
		{20636EE9-17E7-42E3-8835-564F972F96DD}.Debug|Any CPU.ActiveCfg = Debug|Any CPU
		{20636EE9-17E7-42E3-8835-564F972F96DD}.Debug|Any CPU.Build.0 = Debug|Any CPU
		{20636EE9-17E7-42E3-8835-564F972F96DD}.Release|Any CPU.ActiveCfg = Release|Any CPU
		{20636EE9-17E7-42E3-8835-564F972F96DD}.Release|Any CPU.Build.0 = Release|Any CPU
	EndGlobalSection
	GlobalSection(SolutionProperties) = preSolution
		HideSolutionNode = FALSE
	EndGlobalSection
	GlobalSection(NestedProjects) = preSolution
		{398B52E5-6160-4D8B-8DFA-E75775C12914} = {6E8F483B-AD87-4383-AD31-30C7A60E6513}
		{2B7991D4-3B6A-4E57-B387-AE3BE665025F} = {6E8F483B-AD87-4383-AD31-30C7A60E6513}
		{65FE13B8-0EB6-4A93-900E-7D026660E1D0} = {2B7991D4-3B6A-4E57-B387-AE3BE665025F}
		{093AA04A-03A1-4B4A-94F7-49478BEEA7EF} = {4E1FA45B-BAC3-4AF7-AC8D-EF75F85E71DD}
		{B0E4A318-097F-4ECB-A7D6-29D7DFAB548D} = {822654BA-27C6-4668-9294-7B042048F8EE}
		{544B8B39-3E58-47D7-A2A9-6B2113772388} = {94BECCD7-36F2-4D9E-9B4E-165E1F3F6619}
		{59BEEB98-DB5B-4014-B453-36063BBFF73C} = {544B8B39-3E58-47D7-A2A9-6B2113772388}
		{4A9FA7F7-446E-491A-B8B3-65DBE514F51B} = {822654BA-27C6-4668-9294-7B042048F8EE}
		{A5220980-A158-46E7-96AC-5CA376497F24} = {842EB42D-26A1-4E60-A22F-1BA678493223}
		{E16D11F8-C27E-42FB-9AEF-47D1D6202C35} = {842EB42D-26A1-4E60-A22F-1BA678493223}
		{BA49EDCC-87EC-4827-BCDD-C718A1C37E4D} = {842EB42D-26A1-4E60-A22F-1BA678493223}
		{406E4C9F-AD82-400F-BA99-CB306B235F33} = {BA49EDCC-87EC-4827-BCDD-C718A1C37E4D}
		{C6103FE1-093D-48EE-A5FE-166506009D27} = {CA05A05B-B44C-452D-89C5-D0EC19125EBC}
		{CDE1203C-6AD6-4EAB-9DA3-3A135020E392} = {3B8179D3-A4AC-4686-8312-38C0E14CA784}
		{E02C0C3F-EEFA-43C3-925B-613BF3B8616D} = {3B8179D3-A4AC-4686-8312-38C0E14CA784}
		{6D3D0483-5206-4BC6-AF79-240030FD91BC} = {4E1FA45B-BAC3-4AF7-AC8D-EF75F85E71DD}
		{9E58C3CD-4D45-4991-866C-978C0E5EC207} = {AD1268AB-3BAD-46B2-94FE-F609E0BDD44C}
		{20636EE9-17E7-42E3-8835-564F972F96DD} = {7FDEDAA1-EF6F-4852-B4BA-97BF9FCA937B}
	EndGlobalSection
	GlobalSection(ExtensibilityGlobals) = postSolution
		SolutionGuid = {B8599ADA-5AD3-4F12-9ED0-0B061FD60CD4}
	EndGlobalSection
EndGlobal
