
Microsoft Visual Studio Solution File, Format Version 12.00
# Visual Studio 15
VisualStudioVersion = 15.0.28307.960
MinimumVisualStudioVersion = 10.0.40219.1
Project("{FAE04EC0-301F-11D3-BF4B-00C04F79EFBC}") = "ThuatToan_Learning", "ThuatToan_Learning\ThuatToan_Learning.csproj", "{68BD2B0A-7236-488E-85E3-3D9018C6D26E}"
EndProject
Global
	GlobalSection(SolutionConfigurationPlatforms) = preSolution
		Debug|Any CPU = Debug|Any CPU
		Release|Any CPU = Release|Any CPU
	EndGlobalSection
	GlobalSection(ProjectConfigurationPlatforms) = postSolution
		{68BD2B0A-7236-488E-85E3-3D9018C6D26E}.Debug|Any CPU.ActiveCfg = Debug|Any CPU
		{68BD2B0A-7236-488E-85E3-3D9018C6D26E}.Debug|Any CPU.Build.0 = Debug|Any CPU
		{68BD2B0A-7236-488E-85E3-3D9018C6D26E}.Release|Any CPU.ActiveCfg = Release|Any CPU
		{68BD2B0A-7236-488E-85E3-3D9018C6D26E}.Release|Any CPU.Build.0 = Release|Any CPU
	EndGlobalSection
	GlobalSection(SolutionProperties) = preSolution
		HideSolutionNode = FALSE
	EndGlobalSection
	GlobalSection(ExtensibilityGlobals) = postSolution
		SolutionGuid = {04D00F3E-32E0-407F-BEEA-335B7FEB7900}
	EndGlobalSection
EndGlobal
